
Microsoft Visual Studio Solution File, Format Version 12.00
# Visual Studio Version 16
VisualStudioVersion = 16.0.33423.256
MinimumVisualStudioVersion = 10.0.40219.1
Project("{8BC9CEB8-8B4A-11D0-8D11-00A0C91BC942}") = "Quick_sort", "Quick_sort\Quick_sort.vcxproj", "{149FA6D7-371F-44B6-B099-71620A6FCE15}"
EndProject
Global
	GlobalSection(SolutionConfigurationPlatforms) = preSolution
		Debug|x64 = Debug|x64
		Debug|x86 = Debug|x86
		Release|x64 = Release|x64
		Release|x86 = Release|x86
	EndGlobalSection
	GlobalSection(ProjectConfigurationPlatforms) = postSolution
		{149FA6D7-371F-44B6-B099-71620A6FCE15}.Debug|x64.ActiveCfg = Debug|x64
		{149FA6D7-371F-44B6-B099-71620A6FCE15}.Debug|x64.Build.0 = Debug|x64
		{149FA6D7-371F-44B6-B099-71620A6FCE15}.Debug|x86.ActiveCfg = Debug|Win32
		{149FA6D7-371F-44B6-B099-71620A6FCE15}.Debug|x86.Build.0 = Debug|Win32
		{149FA6D7-371F-44B6-B099-71620A6FCE15}.Release|x64.ActiveCfg = Release|x64
		{149FA6D7-371F-44B6-B099-71620A6FCE15}.Release|x64.Build.0 = Release|x64
		{149FA6D7-371F-44B6-B099-71620A6FCE15}.Release|x86.ActiveCfg = Release|Win32
		{149FA6D7-371F-44B6-B099-71620A6FCE15}.Release|x86.Build.0 = Release|Win32
	EndGlobalSection
	GlobalSection(SolutionProperties) = preSolution
		HideSolutionNode = FALSE
	EndGlobalSection
	GlobalSection(ExtensibilityGlobals) = postSolution
		SolutionGuid = {345A2211-3BFB-47CB-90E8-64FE5799CE35}
	EndGlobalSection
EndGlobal
