
Microsoft Visual Studio Solution File, Format Version 12.00
# Visual Studio Version 16
VisualStudioVersion = 16.0.33423.256
MinimumVisualStudioVersion = 10.0.40219.1
Project("{8BC9CEB8-8B4A-11D0-8D11-00A0C91BC942}") = "Bubble소트", "Bubble소트\Bubble소트.vcxproj", "{4E45A879-8746-4831-8632-ABBFC8E21D18}"
EndProject
Global
	GlobalSection(SolutionConfigurationPlatforms) = preSolution
		Debug|x64 = Debug|x64
		Debug|x86 = Debug|x86
		Release|x64 = Release|x64
		Release|x86 = Release|x86
	EndGlobalSection
	GlobalSection(ProjectConfigurationPlatforms) = postSolution
		{4E45A879-8746-4831-8632-ABBFC8E21D18}.Debug|x64.ActiveCfg = Debug|x64
		{4E45A879-8746-4831-8632-ABBFC8E21D18}.Debug|x64.Build.0 = Debug|x64
		{4E45A879-8746-4831-8632-ABBFC8E21D18}.Debug|x86.ActiveCfg = Debug|Win32
		{4E45A879-8746-4831-8632-ABBFC8E21D18}.Debug|x86.Build.0 = Debug|Win32
		{4E45A879-8746-4831-8632-ABBFC8E21D18}.Release|x64.ActiveCfg = Release|x64
		{4E45A879-8746-4831-8632-ABBFC8E21D18}.Release|x64.Build.0 = Release|x64
		{4E45A879-8746-4831-8632-ABBFC8E21D18}.Release|x86.ActiveCfg = Release|Win32
		{4E45A879-8746-4831-8632-ABBFC8E21D18}.Release|x86.Build.0 = Release|Win32
	EndGlobalSection
	GlobalSection(SolutionProperties) = preSolution
		HideSolutionNode = FALSE
	EndGlobalSection
	GlobalSection(ExtensibilityGlobals) = postSolution
		SolutionGuid = {58DB88D8-B99C-40B5-B512-CE18ED675C6B}
	EndGlobalSection
EndGlobal
